{
  "name": "y-prompt",
  "version": "1.0.9",
  "lockfileVersion": 1,
  "requires": true,
  "dependencies": {
    "node-styl": {
      "version": "0.0.3",
      "resolved": "https://registry.npmjs.org/node-styl/-/node-styl-0.0.3.tgz",
      "integrity": "sha512-pQVOs51I4ACILH3LmFezXzuKWOvxmI36OFsJDk28ETNvFPJaMUdxO3bQyoEoBZK5zS3aRK3v1ZpFyuUXC8DQZw=="
    }
  }
}
